lockfile_version: '1'
generated_at: '2026-07-16T06:31:51.690689+00:00'
apm_version: 0.24.0
dependencies:
- repo_url: _local/agent-sdk-runtime
  name: agent-sdk-runtime
  version: 0.1.0
  package_type: invalid
  source: local
  local_path: ../../fittings/seed/agent-sdk-runtime
- repo_url: _local/automations
  name: automations
  version: 0.1.0
  package_type: invalid
  source: local
  local_path: ../../fittings/seed/automations
- repo_url: _local/basic-memory
  name: basic-memory
  version: 0.1.0
  package_type: apm_package
  deployed_files:
  - .claude/skills/garrison-memory
  - .claude/skills/garrison-memory/SKILL.md
  deployed_file_hashes:
    .claude/skills/garrison-memory/SKILL.md: sha256:7677a6177ed2a9beb026acd9d872fc075683d7c16b034bb7b5298442ee5228c6
  source: local
  local_path: ../../fittings/seed/basic-memory
- repo_url: _local/browser-default
  name: browser-default
  version: 0.1.0
  package_type: apm_package
  deployed_files:
  - .claude/skills/garrison-browser
  - .claude/skills/garrison-browser/SKILL.md
  deployed_file_hashes:
    .claude/skills/garrison-browser/SKILL.md: sha256:8725c4e7d290536f264c1671d9d46cb9b920695797cc861310e55b48b32baed5
  source: local
  local_path: ../../fittings/seed/browser-default
- repo_url: _local/claude-code-runtime
  name: claude-code-runtime
  version: 0.1.0
  package_type: invalid
  source: local
  local_path: ../../fittings/seed/claude-code-runtime
- repo_url: _local/codex-runtime
  name: codex-runtime
  version: 0.1.0
  package_type: invalid
  source: local
  local_path: ../../fittings/seed/codex-runtime
- repo_url: _local/deepgram-voice
  name: deepgram-voice
  version: 0.1.0
  package_type: invalid
  source: local
  local_path: ../../fittings/seed/deepgram-voice
- repo_url: _local/dev-env
  name: dev-env
  version: 0.1.0
  package_type: invalid
  source: local
  local_path: ../../fittings/seed/dev-env
- repo_url: _local/dispatcher
  name: dispatcher
  version: 0.1.0
  package_type: invalid
  source: local
  local_path: ../../fittings/seed/dispatcher
- repo_url: _local/drill
  name: drill
  version: 0.1.0
  package_type: apm_package
  deployed_files:
  - .claude/skills/garrison-drill
  - .claude/skills/garrison-drill/SKILL.md
  deployed_file_hashes:
    .claude/skills/garrison-drill/SKILL.md: sha256:ccfbdabbf4b099ed2d9b4f0cd70745218fced48f5030bd53e57471101dd1e2a9
  source: local
  local_path: ../../fittings/seed/drill
- repo_url: _local/file-browser
  name: file-browser
  version: 0.1.0
  package_type: invalid
  source: local
  local_path: ../../fittings/seed/file-browser
- repo_url: _local/garrison-assistant
  name: garrison-assistant
  version: 0.1.0
  package_type: invalid
  source: local
  local_path: ../../fittings/seed/garrison-assistant
- repo_url: _local/garrison-call
  name: garrison-call
  version: 0.1.0
  package_type: invalid
  source: local
  local_path: ../../fittings/seed/garrison-call
- repo_url: _local/gemini-runtime
  name: gemini-runtime
  version: 0.1.0
  package_type: invalid
  source: local
  local_path: ../../fittings/seed/gemini-runtime
- repo_url: _local/http-gateway
  name: http-gateway
  version: 0.2.0
  package_type: apm_package
  deployed_files:
  - .claude/rules/http-gateway.md
  deployed_file_hashes:
    .claude/rules/http-gateway.md: sha256:298b087deb6e7705ac4594607d5e0c3231b493ccab86f1d82d1ba1001eb210c5
  source: local
  local_path: ../../fittings/seed/http-gateway
- repo_url: _local/identity-gary
  name: identity-gary
  version: 0.1.0
  package_type: invalid
  source: local
  local_path: ../../fittings/seed/identity-gary
- repo_url: _local/improver
  name: improver
  version: 0.1.0
  package_type: invalid
  source: local
  local_path: ../../fittings/seed/improver
- repo_url: _local/kanban-loop
  name: kanban-loop
  version: 0.2.0
  package_type: invalid
  source: local
  local_path: ../../fittings/seed/kanban-loop
- repo_url: _local/mcp-gateway
  name: garrison-mcp-gateway
  version: 0.2.0
  package_type: invalid
  source: local
  local_path: ../../fittings/seed/mcp-gateway
- repo_url: _local/monitor-default
  name: monitor-default
  version: 0.1.0
  package_type: invalid
  source: local
  local_path: ../../fittings/seed/monitor-default
- repo_url: _local/opencode-runtime
  name: opencode-runtime
  version: 0.1.0
  package_type: invalid
  source: local
  local_path: ../../fittings/seed/opencode-runtime
- repo_url: _local/orchestrator
  name: orchestrator
  version: 0.2.0
  package_type: apm_package
  deployed_files:
  - .claude/commands/orchestrator.md
  deployed_file_hashes:
    .claude/commands/orchestrator.md: sha256:d552383cec1d495c8128279df336820c7fcb48993b8d50b595e5c3b02b660671
  source: local
  local_path: ../../fittings/seed/orchestrator
- repo_url: _local/outpost-tailscale-host
  name: outpost-tailscale-host
  version: 0.2.0
  package_type: invalid
  source: local
  local_path: ../../fittings/seed/outpost-tailscale-host
- repo_url: _local/ports-default
  name: ports-default
  version: 0.1.0
  package_type: invalid
  source: local
  local_path: ../../fittings/seed/ports-default
- repo_url: _local/power-default
  name: power-default
  version: 0.1.0
  package_type: invalid
  source: local
  local_path: ../../fittings/seed/power-default
- repo_url: _local/scheduler
  name: scheduler
  version: 0.1.0
  package_type: apm_package
  deployed_files:
  - .claude/skills/scheduler
  - .claude/skills/scheduler/SKILL.md
  deployed_file_hashes:
    .claude/skills/scheduler/SKILL.md: sha256:3137fb60e14786dd4c5755dbb34f2d1295ab8c342391f9b518f919f3d31a939e
  source: local
  local_path: ../../fittings/seed/scheduler
- repo_url: _local/screen-share-default
  name: screen-share-default
  version: 0.2.0
  package_type: invalid
  source: local
  local_path: ../../fittings/seed/screen-share-default
- repo_url: _local/slack-channel
  name: slack-channel
  version: 0.1.0
  package_type: invalid
  source: local
  local_path: ../../fittings/seed/slack-channel
- repo_url: _local/snapshots-default
  name: snapshots-default
  version: 0.1.0
  package_type: invalid
  source: local
  local_path: ../../fittings/seed/snapshots-default
- repo_url: _local/taste
  name: taste
  version: 0.1.0
  package_type: apm_package
  deployed_files:
  - .claude/skills/design-taste-frontend
  - .claude/skills/design-taste-frontend/LICENSE
  - .claude/skills/design-taste-frontend/SKILL.md
  - .claude/skills/redesign-existing-projects
  - .claude/skills/redesign-existing-projects/LICENSE
  - .claude/skills/redesign-existing-projects/SKILL.md
  deployed_file_hashes:
    .claude/skills/design-taste-frontend/LICENSE: sha256:4575a543ab88dad12ccea7d97e563d0bce5b448b06072e65d3264497dad326df
    .claude/skills/design-taste-frontend/SKILL.md: sha256:aa194351b246b8b4799099d4ed7b033d29eab6e6e3d58d8d2172978be7b3ec89
    .claude/skills/redesign-existing-projects/LICENSE: sha256:4575a543ab88dad12ccea7d97e563d0bce5b448b06072e65d3264497dad326df
    .claude/skills/redesign-existing-projects/SKILL.md: sha256:98ad3e5b051bfb71b2795f7e8a6aa0d32b51ee095606c098a4b2822ac07926c9
  source: local
  local_path: ../../fittings/seed/taste
- repo_url: _local/trello
  name: trello
  version: 0.1.0
  package_type: apm_package
  deployed_files:
  - .claude/rules/trello-data-source.md
  - .claude/skills/trello
  - .claude/skills/trello/SKILL.md
  deployed_file_hashes:
    .claude/rules/trello-data-source.md: sha256:8197dd96c4d49155496eb2c0a5aa5af0420d0dcee688ff194d8fb98761d78ede
    .claude/skills/trello/SKILL.md: sha256:98db910b886112716671873c3c2faea81a12cbb1ed880bebb6091fb36e4d06ee
  source: local
  local_path: ../../fittings/seed/trello
- repo_url: _local/vault-git-sync
  name: vault-git-sync
  version: 0.1.0
  package_type: invalid
  source: local
  local_path: ../../fittings/seed/vault-git-sync
- repo_url: _local/web-channel-default
  name: web-channel-default
  version: 0.1.0
  package_type: invalid
  source: local
  local_path: ../../fittings/seed/web-channel-default
