lockfile_version: '1'
generated_at: '2026-08-28T09:00:05.108911+00:00'
apm_version: 0.10.0
dependencies:
- repo_url: _local/agent-sdk-runtime
  package_type: invalid
  source: local
  local_path: ../../fittings/seed/agent-sdk-runtime
- repo_url: _local/automations
  package_type: invalid
  source: local
  local_path: ../../fittings/seed/automations
- repo_url: _local/basic-memory
  package_type: apm_package
  deployed_files:
  - .claude/skills/garrison-memory
  source: local
  local_path: ../../fittings/seed/basic-memory
- repo_url: _local/browser-default
  package_type: apm_package
  deployed_files:
  - .claude/skills/garrison-browser
  source: local
  local_path: ../../fittings/seed/browser-default
- repo_url: _local/capture-service
  package_type: invalid
  source: local
  local_path: ../../fittings/seed/capture-service
- repo_url: _local/claude-code-runtime
  package_type: invalid
  source: local
  local_path: ../../fittings/seed/claude-code-runtime
- repo_url: _local/codex-runtime
  package_type: invalid
  source: local
  local_path: ../../fittings/seed/codex-runtime
- repo_url: _local/cortex-automations
  package_type: apm_package
  deployed_files:
  - .claude/skills/cortex-automations
  source: local
  local_path: ../../fittings/seed/cortex-automations
- repo_url: _local/cortex-client
  package_type: invalid
  source: local
  local_path: ../../fittings/seed/cortex-client
- repo_url: _local/deepgram-voice
  package_type: invalid
  source: local
  local_path: ../../fittings/seed/deepgram-voice
- repo_url: _local/dev-env
  package_type: invalid
  source: local
  local_path: ../../fittings/seed/dev-env
- repo_url: _local/drill
  package_type: apm_package
  deployed_files:
  - .claude/skills/garrison-drill
  source: local
  local_path: ../../fittings/seed/drill
- repo_url: _local/file-browser
  package_type: invalid
  source: local
  local_path: ../../fittings/seed/file-browser
- repo_url: _local/garrison-assistant
  package_type: invalid
  source: local
  local_path: ../../fittings/seed/garrison-assistant
- repo_url: _local/garrison-call
  package_type: invalid
  source: local
  local_path: ../../fittings/seed/garrison-call
- repo_url: _local/gemini-runtime
  package_type: invalid
  source: local
  local_path: ../../fittings/seed/gemini-runtime
- repo_url: _local/google
  package_type: apm_package
  deployed_files:
  - .claude/skills/google-calendar
  source: local
  local_path: ../../fittings/seed/google
- repo_url: _local/http-gateway
  package_type: apm_package
  deployed_files:
  - .claude/rules/http-gateway.md
  deployed_file_hashes:
    .claude/rules/http-gateway.md: sha256:298b087deb6e7705ac4594607d5e0c3231b493ccab86f1d82d1ba1001eb210c5
  source: local
  local_path: ../../fittings/seed/http-gateway
- repo_url: _local/huggingface-runtime
  package_type: invalid
  source: local
  local_path: ../../fittings/seed/huggingface-runtime
- repo_url: _local/improver
  package_type: invalid
  source: local
  local_path: ../../fittings/seed/improver
- repo_url: _local/improver-nightly
  package_type: invalid
  source: local
  local_path: ../../fittings/seed/improver-nightly
- repo_url: _local/kanban-loop
  package_type: invalid
  source: local
  local_path: ../../fittings/seed/kanban-loop
- repo_url: _local/loop-heartbeat
  package_type: apm_package
  deployed_files:
  - .claude/rules/loop-heartbeat.md
  deployed_file_hashes:
    .claude/rules/loop-heartbeat.md: sha256:c1460f86bbab5c4751aa774c699f0a23772166e00b62afd53e00b479098d1333
  source: local
  local_path: ../../fittings/seed/loop-heartbeat
- repo_url: _local/mcp-gateway
  package_type: invalid
  source: local
  local_path: ../../fittings/seed/mcp-gateway
- repo_url: _local/monitor-default
  package_type: invalid
  source: local
  local_path: ../../fittings/seed/monitor-default
- repo_url: _local/omi-channel
  package_type: invalid
  source: local
  local_path: ../../fittings/seed/omi-channel
- repo_url: _local/opencode-runtime
  package_type: invalid
  source: local
  local_path: ../../fittings/seed/opencode-runtime
- repo_url: _local/openrouter-runtime
  package_type: invalid
  source: local
  local_path: ../../fittings/seed/openrouter-runtime
- repo_url: _local/orchestrator
  package_type: apm_package
  deployed_files:
  - .claude/commands/orchestrator.md
  deployed_file_hashes:
    .claude/commands/orchestrator.md: sha256:89c156c3c5902d384f5c81f6ce9846a11e909007a82ed27a6ffb076a660d8e1c
  source: local
  local_path: ../../fittings/seed/orchestrator
- repo_url: _local/ports-default
  package_type: invalid
  source: local
  local_path: ../../fittings/seed/ports-default
- repo_url: _local/power-default
  package_type: invalid
  source: local
  local_path: ../../fittings/seed/power-default
- repo_url: _local/remote-shell-runtime
  package_type: invalid
  source: local
  local_path: ../../fittings/seed/remote-shell-runtime
- repo_url: _local/roadmaps
  package_type: invalid
  source: local
  local_path: ../../fittings/seed/roadmaps
- repo_url: _local/scheduler
  package_type: apm_package
  deployed_files:
  - .claude/skills/scheduler
  source: local
  local_path: ../../fittings/seed/scheduler
- repo_url: _local/screen-share-default
  package_type: invalid
  source: local
  local_path: ../../fittings/seed/screen-share-default
- repo_url: _local/scroll-world
  package_type: apm_package
  deployed_files:
  - .claude/skills/scroll-world
  source: local
  local_path: ../../fittings/seed/scroll-world
- repo_url: _local/slack-channel
  package_type: invalid
  source: local
  local_path: ../../fittings/seed/slack-channel
- repo_url: _local/snapshots-default
  package_type: invalid
  source: local
  local_path: ../../fittings/seed/snapshots-default
- repo_url: _local/taste
  package_type: apm_package
  deployed_files:
  - .claude/skills/design-taste-frontend
  - .claude/skills/redesign-existing-projects
  source: local
  local_path: ../../fittings/seed/taste
- repo_url: _local/trello
  package_type: apm_package
  deployed_files:
  - .claude/rules/trello-data-source.md
  - .claude/skills/trello
  deployed_file_hashes:
    .claude/rules/trello-data-source.md: sha256:8197dd96c4d49155496eb2c0a5aa5af0420d0dcee688ff194d8fb98761d78ede
  source: local
  local_path: ../../fittings/seed/trello
- repo_url: _local/vault-git-sync
  package_type: invalid
  source: local
  local_path: ../../fittings/seed/vault-git-sync
- repo_url: _local/web-channel-default
  package_type: invalid
  source: local
  local_path: ../../fittings/seed/web-channel-default
- repo_url: _local/whatsapp-web
  package_type: invalid
  source: local
  local_path: ../../fittings/seed/whatsapp-web
