lockfile_version: '1'
generated_at: '2026-07-28T12:18:46.218794+00:00'
apm_version: 0.25.0
dependencies:
- repo_url: _local/basic-memory
  name: basic-memory
  version: 0.1.0
  package_type: apm_package
  deployed_files:
  - .claude/skills/garrison-memory
  - .claude/skills/garrison-memory/SKILL.md
  deployed_file_hashes:
    .claude/skills/garrison-memory/SKILL.md: sha256:b5a06076544c6148d64afe34ea6e8fbe3742e34adc3cd6d9e610c01446bccf3b
  source: local
  local_path: ../../fittings/seed/basic-memory
- repo_url: _local/http-gateway
  name: http-gateway
  version: 0.2.0
  package_type: apm_package
  deployed_files:
  - .claude/rules/http-gateway.md
  deployed_file_hashes:
    .claude/rules/http-gateway.md: sha256:298b087deb6e7705ac4594607d5e0c3231b493ccab86f1d82d1ba1001eb210c5
  source: local
  local_path: ../../fittings/seed/http-gateway
- repo_url: _local/orchestrator
  name: orchestrator
  version: 0.2.0
  package_type: apm_package
  deployed_files:
  - .claude/commands/orchestrator.md
  deployed_file_hashes:
    .claude/commands/orchestrator.md: sha256:d552383cec1d495c8128279df336820c7fcb48993b8d50b595e5c3b02b660671
  source: local
  local_path: ../../fittings/seed/orchestrator
deployments:
- kind: project-relative
  target: claude
  value: .claude/commands/orchestrator.md
  runtime: null
  scope: project
  owners:
  - ../../fittings/seed/orchestrator
  active_owner: ../../fittings/seed/orchestrator
  content_hash: sha256:d552383cec1d495c8128279df336820c7fcb48993b8d50b595e5c3b02b660671
- kind: project-relative
  target: claude
  value: .claude/rules/http-gateway.md
  runtime: null
  scope: project
  owners:
  - ../../fittings/seed/http-gateway
  active_owner: ../../fittings/seed/http-gateway
  content_hash: sha256:298b087deb6e7705ac4594607d5e0c3231b493ccab86f1d82d1ba1001eb210c5
- kind: project-relative
  target: claude
  value: .claude/skills/garrison-memory
  runtime: null
  scope: project
  owners:
  - ../../fittings/seed/basic-memory
  active_owner: ../../fittings/seed/basic-memory
  content_hash: null
- kind: project-relative
  target: claude
  value: .claude/skills/garrison-memory/SKILL.md
  runtime: null
  scope: project
  owners:
  - ../../fittings/seed/basic-memory
  active_owner: ../../fittings/seed/basic-memory
  content_hash: sha256:b5a06076544c6148d64afe34ea6e8fbe3742e34adc3cd6d9e610c01446bccf3b
