lockfile_version: '1'
generated_at: '2026-08-05T21:27:30.455081+00:00'
apm_version: 0.24.0
dependencies:
- repo_url: _local/basic-memory
  name: basic-memory
  version: 0.1.0
  package_type: apm_package
  source: local
  local_path: ../../fittings/seed/basic-memory
- repo_url: _local/http-gateway
  name: http-gateway
  version: 0.2.0
  package_type: apm_package
  source: local
  local_path: ../../fittings/seed/http-gateway
- repo_url: _local/openai-agents-runtime
  name: openai-agents-runtime
  version: 0.1.0
  package_type: invalid
  source: local
  local_path: ../../fittings/seed/openai-agents-runtime
- repo_url: _local/orchestrator
  name: orchestrator
  version: 0.2.0
  package_type: apm_package
  source: local
  local_path: ../../fittings/seed/orchestrator
- repo_url: _local/web-channel-default
  name: web-channel-default
  version: 0.1.0
  package_type: invalid
  source: local
  local_path: ../../fittings/seed/web-channel-default
