lockfile_version: '1'
generated_at: '2026-07-06T15:27:41.200709+00:00'
apm_version: 0.20.0
dependencies:
- repo_url: _local/garrison-orchestrator
  package_type: apm_package
  deployed_files:
  - .claude/commands/garrison-orchestrator.md
  deployed_file_hashes:
    .claude/commands/garrison-orchestrator.md: sha256:8fa88e3463ba6744f48726fd4ecf7255b2694abb76d6617bb6f6b452b4525f02
  source: local
  local_path: ../../fittings/seed/garrison-orchestrator
- repo_url: _local/http-gateway
  package_type: apm_package
  deployed_files:
  - .claude/rules/http-gateway.md
  deployed_file_hashes:
    .claude/rules/http-gateway.md: sha256:298b087deb6e7705ac4594607d5e0c3231b493ccab86f1d82d1ba1001eb210c5
  source: local
  local_path: ../../fittings/seed/http-gateway
- repo_url: _local/jarvis-os
  package_type: invalid
  source: local
  local_path: ../../fittings/seed/jarvis-os
- repo_url: _local/kanban-loop
  package_type: invalid
  source: local
  local_path: ../../fittings/seed/kanban-loop
- repo_url: _local/knowledge
  package_type: invalid
  source: local
  local_path: ../../fittings/seed/knowledge
- repo_url: _local/local-voice
  package_type: invalid
  source: local
  local_path: ../../fittings/seed/local-voice
