lockfile_version: '1'
generated_at: '2026-08-22T17:09:25.729111+00:00'
apm_version: 0.24.0
dependencies:
- repo_url: _local/automations
  name: automations
  version: 0.1.0
  package_type: invalid
  source: local
  local_path: ../../fittings/seed/automations
- repo_url: _local/basic-memory
  name: basic-memory
  version: 0.1.0
  package_type: apm_package
  deployed_files:
  - .claude/skills/garrison-memory
  - .claude/skills/garrison-memory/SKILL.md
  deployed_file_hashes:
    .claude/skills/garrison-memory/SKILL.md: sha256:045d5b30c4d6abca8163ee1a25c2d7bfd6f051a2dbd146f18443110819d707fc
  source: local
  local_path: ../../fittings/seed/basic-memory
- repo_url: _local/coord-agentmail
  name: coord-agentmail
  version: 0.1.0
  package_type: invalid
  source: local
  local_path: ../../fittings/seed/coord-agentmail
- repo_url: _local/cursor-runtime
  name: cursor-runtime
  version: 0.1.0
  package_type: invalid
  source: local
  local_path: ../../fittings/seed/cursor-runtime
- repo_url: _local/dev-env
  name: dev-env
  version: 0.1.0
  package_type: invalid
  source: local
  local_path: ../../fittings/seed/dev-env
- repo_url: _local/file-browser
  name: file-browser
  version: 0.1.0
  package_type: invalid
  source: local
  local_path: ../../fittings/seed/file-browser
- repo_url: _local/http-gateway
  name: http-gateway
  version: 0.2.0
  package_type: apm_package
  deployed_files:
  - .claude/rules/http-gateway.md
  deployed_file_hashes:
    .claude/rules/http-gateway.md: sha256:298b087deb6e7705ac4594607d5e0c3231b493ccab86f1d82d1ba1001eb210c5
  source: local
  local_path: ../../fittings/seed/http-gateway
- repo_url: _local/improver
  name: improver
  version: 0.1.0
  package_type: invalid
  source: local
  local_path: ../../fittings/seed/improver
- repo_url: _local/kanban-loop
  name: kanban-loop
  version: 0.2.0
  package_type: invalid
  source: local
  local_path: ../../fittings/seed/kanban-loop
- repo_url: _local/orchestrator
  name: orchestrator
  version: 0.2.0
  package_type: apm_package
  deployed_files:
  - .claude/commands/orchestrator.md
  deployed_file_hashes:
    .claude/commands/orchestrator.md: sha256:89c156c3c5902d384f5c81f6ce9846a11e909007a82ed27a6ffb076a660d8e1c
  source: local
  local_path: ../../fittings/seed/orchestrator
- repo_url: _local/scheduler
  name: scheduler
  version: 0.1.0
  package_type: apm_package
  deployed_files:
  - .claude/skills/scheduler
  - .claude/skills/scheduler/SKILL.md
  deployed_file_hashes:
    .claude/skills/scheduler/SKILL.md: sha256:64e38be28851d8f659554b170ca117dd7d4be238480802f87f6f5ea197ec7423
  source: local
  local_path: ../../fittings/seed/scheduler
- repo_url: _local/web-channel-default
  name: web-channel-default
  version: 0.1.0
  package_type: invalid
  source: local
  local_path: ../../fittings/seed/web-channel-default
